
Microsoft Visual Studio Solution File, Format Version 12.00
# Visual Studio 15
VisualStudioVersion = 15.0.28010.2050
MinimumVisualStudioVersion = 10.0.40219.1
Project("{9A19103F-16F7-4668-BE54-9A1E7A4F7556}") = "StringUtilities", "StringUtilities\StringUtilities.csproj", "{6CDFFA95-9E2C-4E6E-87A3-198083C7D7FF}"
EndProject
Global
	GlobalSection(SolutionConfigurationPlatforms) = preSolution
		Debug|Any CPU = Debug|Any CPU
		Release|Any CPU = Release|Any CPU
	EndGlobalSection
	GlobalSection(ProjectConfigurationPlatforms) = postSolution
		{6CDFFA95-9E2C-4E6E-87A3-198083C7D7FF}.Debug|Any CPU.ActiveCfg = Debug|Any CPU
		{6CDFFA95-9E2C-4E6E-87A3-198083C7D7FF}.Debug|Any CPU.Build.0 = Debug|Any CPU
		{6CDFFA95-9E2C-4E6E-87A3-198083C7D7FF}.Release|Any CPU.ActiveCfg = Release|Any CPU
		{6CDFFA95-9E2C-4E6E-87A3-198083C7D7FF}.Release|Any CPU.Build.0 = Release|Any CPU
	EndGlobalSection
	GlobalSection(SolutionProperties) = preSolution
		HideSolutionNode = FALSE
	EndGlobalSection
	GlobalSection(ExtensibilityGlobals) = postSolution
		SolutionGuid = {673946EB-3B2E-460E-9348-FA36109A22A8}
	EndGlobalSection
EndGlobal
